
Microsoft Visual Studio Solution File, Format Version 12.00
# Visual Studio Version 16
VisualStudioVersion = 16.0.30330.147
MinimumVisualStudioVersion = 10.0.40219.1
Project("{FAE04EC0-301F-11D3-BF4B-00C04F79EFBC}") = "WorkerAuth", "WorkerAuth\WorkerAuth.csproj", "{196334F0-A592-41B4-9530-16F2E6352425}"
EndProject
Global
	GlobalSection(SolutionConfigurationPlatforms) = preSolution
		Debug|Any CPU = Debug|Any CPU
		Release|Any CPU = Release|Any CPU
	EndGlobalSection
	GlobalSection(ProjectConfigurationPlatforms) = postSolution
		{196334F0-A592-41B4-9530-16F2E6352425}.Debug|Any CPU.ActiveCfg = Debug|Any CPU
		{196334F0-A592-41B4-9530-16F2E6352425}.Debug|Any CPU.Build.0 = Debug|Any CPU
		{196334F0-A592-41B4-9530-16F2E6352425}.Release|Any CPU.ActiveCfg = Release|Any CPU
		{196334F0-A592-41B4-9530-16F2E6352425}.Release|Any CPU.Build.0 = Release|Any CPU
	EndGlobalSection
	GlobalSection(SolutionProperties) = preSolution
		HideSolutionNode = FALSE
	EndGlobalSection
	GlobalSection(ExtensibilityGlobals) = postSolution
		SolutionGuid = {6D381FB8-ED83-4FF7-BFDD-829C7C2D5A16}
	EndGlobalSection
EndGlobal
